
Microsoft Visual Studio Solution File, Format Version 12.00
# Visual Studio Version 17
VisualStudioVersion = 17.1.32328.378
MinimumVisualStudioVersion = 10.0.40219.1
Project("{FAE04EC0-301F-11D3-BF4B-00C04F79EFBC}") = "Cadastro de Alunos", "Cadastro de Alunos\Cadastro de Alunos.csproj", "{91E002F1-8EB7-47F4-8097-ACB01EF6D419}"
EndProject
Global
	GlobalSection(SolutionConfigurationPlatforms) = preSolution
		Debug|Any CPU = Debug|Any CPU
		Release|Any CPU = Release|Any CPU
	EndGlobalSection
	GlobalSection(ProjectConfigurationPlatforms) = postSolution
		{91E002F1-8EB7-47F4-8097-ACB01EF6D419}.Debug|Any CPU.ActiveCfg = Debug|Any CPU
		{91E002F1-8EB7-47F4-8097-ACB01EF6D419}.Debug|Any CPU.Build.0 = Debug|Any CPU
		{91E002F1-8EB7-47F4-8097-ACB01EF6D419}.Release|Any CPU.ActiveCfg = Release|Any CPU
		{91E002F1-8EB7-47F4-8097-ACB01EF6D419}.Release|Any CPU.Build.0 = Release|Any CPU
	EndGlobalSection
	GlobalSection(SolutionProperties) = preSolution
		HideSolutionNode = FALSE
	EndGlobalSection
	GlobalSection(ExtensibilityGlobals) = postSolution
		SolutionGuid = {D4A22AD9-4588-4B36-8042-67AB6AA86424}
	EndGlobalSection
EndGlobal
